// !$*UTF8*$!
{
	archiveVersion = 1;
	classes = {
	};
	objectVersion = 46;
	objects = {

/* Begin PBXBuildFile section */
		4912BABA1F5ED21900AD7100 /* libz.tbd in Frameworks */ = {isa = PBXBuildFile; fileRef = 4912BAB91F5ED21900AD7100 /* libz.tbd */; };
		491640821F4C38230084CEE2 /* ARCNavigationController.swift in Sources */ = {isa = PBXBuildFile; fileRef = 491640811F4C38230084CEE2 /* ARCNavigationController.swift */; };
		4916408E1F4C5C3A0084CEE2 /* ModuleTableViewCell.swift in Sources */ = {isa = PBXBuildFile; fileRef = 4916408C1F4C5C3A0084CEE2 /* ModuleTableViewCell.swift */; };
		4916408F1F4C5C3A0084CEE2 /* ModuleTableViewCell.xib in Resources */ = {isa = PBXBuildFile; fileRef = 4916408D1F4C5C3A0084CEE2 /* ModuleTableViewCell.xib */; };
		4916409A1F4C71CA0084CEE2 /* GradientImageView.swift in Sources */ = {isa = PBXBuildFile; fileRef = 491640991F4C71CA0084CEE2 /* GradientImageView.swift */; };
		491B54031F84D5A800AD1A8E /* ARCDM.framework in Frameworks */ = {isa = PBXBuildFile; fileRef = 491B53F11F84D4F200AD1A8E /* ARCDM.framework */; };
		491B54041F84D5A800AD1A8E /* ARCDM.framework in Embed Frameworks */ = {isa = PBXBuildFile; fileRef = 491B53F11F84D4F200AD1A8E /* ARCDM.framework */; settings = {ATTRIBUTES = (CodeSignOnCopy, RemoveHeadersOnCopy, ); }; };
		492F83DD1F83A96000BDD72D /* NoteAddViewController.swift in Sources */ = {isa = PBXBuildFile; fileRef = 492F83DC1F83A96000BDD72D /* NoteAddViewController.swift */; };
		492F83E81F84D15100BDD72D /* ModuleConformable+Views.swift in Sources */ = {isa = PBXBuildFile; fileRef = 492F83E71F84D15100BDD72D /* ModuleConformable+Views.swift */; };
		492F83EA1F84D1B200BDD72D /* ARCDMSExtensions.swift in Sources */ = {isa = PBXBuildFile; fileRef = 492F83E91F84D1B200BDD72D /* ARCDMSExtensions.swift */; };
		492F84661F84D48A00BDD72D /* MarkdownView.framework in Frameworks */ = {isa = PBXBuildFile; fileRef = 492F84651F84D48100BDD72D /* MarkdownView.framework */; };
		492F84671F84D48A00BDD72D /* MarkdownView.framework in Embed Frameworks */ = {isa = PBXBuildFile; fileRef = 492F84651F84D48100BDD72D /* MarkdownView.framework */; settings = {ATTRIBUTES = (CodeSignOnCopy, RemoveHeadersOnCopy, ); }; };
		492F846A1F84D48D00BDD72D /* ThunderTable.framework in Frameworks */ = {isa = PBXBuildFile; fileRef = 492F845D1F84D47800BDD72D /* ThunderTable.framework */; };
		492F846B1F84D48D00BDD72D /* ThunderTable.framework in Embed Frameworks */ = {isa = PBXBuildFile; fileRef = 492F845D1F84D47800BDD72D /* ThunderTable.framework */; settings = {ATTRIBUTES = (CodeSignOnCopy, RemoveHeadersOnCopy, ); }; };
		492F84721F84D49300BDD72D /* ThunderBasics.framework in Frameworks */ = {isa = PBXBuildFile; fileRef = 492F84301F84D44900BDD72D /* ThunderBasics.framework */; };
		492F84731F84D49300BDD72D /* ThunderBasics.framework in Embed Frameworks */ = {isa = PBXBuildFile; fileRef = 492F84301F84D44900BDD72D /* ThunderBasics.framework */; settings = {ATTRIBUTES = (CodeSignOnCopy, RemoveHeadersOnCopy, ); }; };
		495A90141F5EE02800843EEE /* libc++.tbd in Frameworks */ = {isa = PBXBuildFile; fileRef = 495A900B1F5EE02800843EEE /* libc++.tbd */; };
		496C49CC1F4EE6FA00AD05D1 /* Settings.storyboard in Resources */ = {isa = PBXBuildFile; fileRef = 496C49CB1F4EE6FA00AD05D1 /* Settings.storyboard */; };
		496C49D11F4EEDA300AD05D1 /* SettingsTableViewController.swift in Sources */ = {isa = PBXBuildFile; fileRef = 496C49D01F4EEDA300AD05D1 /* SettingsTableViewController.swift */; };
		497122281F4C23A1000786AE /* ToolkitTableViewController.swift in Sources */ = {isa = PBXBuildFile; fileRef = 497122271F4C23A1000786AE /* ToolkitTableViewController.swift */; };
		4971222C1F4C2CF3000786AE /* WorkflowViewController.swift in Sources */ = {isa = PBXBuildFile; fileRef = 4971222B1F4C2CF3000786AE /* WorkflowViewController.swift */; };
		497DF1921F74FC5800367A94 /* ToolTableViewCell.swift in Sources */ = {isa = PBXBuildFile; fileRef = 497DF1911F74FC5800367A94 /* ToolTableViewCell.swift */; };
		497DF1931F753D1300367A94 /* ToolTableViewCell.xib in Resources */ = {isa = PBXBuildFile; fileRef = 497DF1881F74FC5700367A94 /* ToolTableViewCell.xib */; };
		498F45441F7CFA2000E8824C /* Document_Viewing.storyboard in Resources */ = {isa = PBXBuildFile; fileRef = 498F45431F7CFA2000E8824C /* Document_Viewing.storyboard */; };
		498F45461F7CFB4600E8824C /* MarkdownViewController.swift in Sources */ = {isa = PBXBuildFile; fileRef = 498F45451F7CFB4600E8824C /* MarkdownViewController.swift */; };
		498F45731F8274D500E8824C /* ProgressManager.swift in Sources */ = {isa = PBXBuildFile; fileRef = 498F45721F8274D500E8824C /* ProgressManager.swift */; };
		49A418601F73EA96004C1F61 /* ModuleSubStepTableViewCell.swift in Sources */ = {isa = PBXBuildFile; fileRef = 49A4185E1F73EA96004C1F61 /* ModuleSubStepTableViewCell.swift */; };
		49A418611F73EA96004C1F61 /* ModuleStepTableViewCell.xib in Resources */ = {isa = PBXBuildFile; fileRef = 49A4185F1F73EA96004C1F61 /* ModuleStepTableViewCell.xib */; };
		49A7870E1F84DBC10076ABB7 /* ThunderRequest.framework in Frameworks */ = {isa = PBXBuildFile; fileRef = 49A787051F84DBA50076ABB7 /* ThunderRequest.framework */; };
		49A7870F1F84DBC10076ABB7 /* ThunderRequest.framework in Embed Frameworks */ = {isa = PBXBuildFile; fileRef = 49A787051F84DBA50076ABB7 /* ThunderRequest.framework */; settings = {ATTRIBUTES = (CodeSignOnCopy, RemoveHeadersOnCopy, ); }; };
		49A787131F84EB4D0076ABB7 /* ToolIndexManager.swift in Sources */ = {isa = PBXBuildFile; fileRef = 49A787121F84EB4D0076ABB7 /* ToolIndexManager.swift */; };
		49BCFFEE1F4479B600F68A40 /* Onboarding.storyboard in Resources */ = {isa = PBXBuildFile; fileRef = 49BCFFED1F4479B600F68A40 /* Onboarding.storyboard */; };
		49BCFFF21F4487EB00F68A40 /* OnboardingViewController.swift in Sources */ = {isa = PBXBuildFile; fileRef = 49BCFFF11F4487EB00F68A40 /* OnboardingViewController.swift */; };
		49BCFFF31F44895500F68A40 /* onboarding_video.mp4 in Resources */ = {isa = PBXBuildFile; fileRef = 49BCFFF01F4487A100F68A40 /* onboarding_video.mp4 */; };
		49BF8DD81F73C5BC00A1890F /* ModuleStepTableViewCell.swift in Sources */ = {isa = PBXBuildFile; fileRef = 49BF8DD61F73C5BC00A1890F /* ModuleStepTableViewCell.swift */; };
		49BF8DD91F73C5BC00A1890F /* ModuleSubStepTableViewCell.xib in Resources */ = {isa = PBXBuildFile; fileRef = 49BF8DD71F73C5BC00A1890F /* ModuleSubStepTableViewCell.xib */; };
		49C2DE8B1F502C7000DCFBB5 /* Utilities.swift in Sources */ = {isa = PBXBuildFile; fileRef = 49C2DE8A1F502C7000DCFBB5 /* Utilities.swift */; };
		49C3ED441F839E0E00763901 /* Notes.storyboard in Resources */ = {isa = PBXBuildFile; fileRef = 49C3ED431F839E0E00763901 /* Notes.storyboard */; };
		49FE8D831F419F6900B73731 /* AppDelegate.swift in Sources */ = {isa = PBXBuildFile; fileRef = 49FE8D821F419F6900B73731 /* AppDelegate.swift */; };
		49FE8D881F419F6900B73731 /* Main.storyboard in Resources */ = {isa = PBXBuildFile; fileRef = 49FE8D861F419F6900B73731 /* Main.storyboard */; };
		49FE8D8A1F419F6900B73731 /* Assets.xcassets in Resources */ = {isa = PBXBuildFile; fileRef = 49FE8D891F419F6900B73731 /* Assets.xcassets */; };
		49FE8D8D1F419F6900B73731 /* LaunchScreen.storyboard in Resources */ = {isa = PBXBuildFile; fileRef = 49FE8D8B1F419F6900B73731 /* LaunchScreen.storyboard */; };
		FF82CCE11F8CC358009FCC5B /* ProgressTableViewCell.swift in Sources */ = {isa = PBXBuildFile; fileRef = FF82CCDF1F8CC358009FCC5B /* ProgressTableViewCell.swift */; };
		FF82CCE21F8CC358009FCC5B /* ProgressTableViewCell.xib in Resources */ = {isa = PBXBuildFile; fileRef = FF82CCE01F8CC358009FCC5B /* ProgressTableViewCell.xib */; };
		FF82CCE41F8CC38E009FCC5B /* ProgressTableViewController.swift in Sources */ = {isa = PBXBuildFile; fileRef = FF82CCE31F8CC38E009FCC5B /* ProgressTableViewController.swift */; };
/* End PBXBuildFile section */

/* Begin PBXContainerItemProxy section */
		491B53F01F84D4F200AD1A8E /* PBXContainerItemProxy */ = {
			isa = PBXContainerItemProxy;
			containerPortal = 491B53EA1F84D4F100AD1A8E /* ARCDM.xcodeproj */;
			proxyType = 2;
			remoteGlobalIDString = 49A7C9C01F41BD54006AB66E;
			remoteInfo = ARCDM;
		};
		491B53F21F84D4F200AD1A8E /* PBXContainerItemProxy */ = {
			isa = PBXContainerItemProxy;
			containerPortal = 491B53EA1F84D4F100AD1A8E /* ARCDM.xcodeproj */;
			proxyType = 2;
			remoteGlobalIDString = 49A7C9C91F41BD54006AB66E;
			remoteInfo = ARCDMTests;
		};
		491B54051F84D5A800AD1A8E /* PBXContainerItemProxy */ = {
			isa = PBXContainerItemProxy;
			containerPortal = 491B53EA1F84D4F100AD1A8E /* ARCDM.xcodeproj */;
			proxyType = 1;
			remoteGlobalIDString = 49A7C9BF1F41BD54006AB66E;
			remoteInfo = ARCDM;
		};
		492F842F1F84D44900BDD72D /* PBXContainerItemProxy */ = {
			isa = PBXContainerItemProxy;
			containerPortal = 492F842A1F84D44800BDD72D /* ThunderBasics.xcodeproj */;
			proxyType = 2;
			remoteGlobalIDString = C272EF8419C831AB004BD339;
			remoteInfo = ThunderBasics;
		};
		492F84311F84D44900BDD72D /* PBXContainerItemProxy */ = {
			isa = PBXContainerItemProxy;
			containerPortal = 492F842A1F84D44800BDD72D /* ThunderBasics.xcodeproj */;
			proxyType = 2;
			remoteGlobalIDString = C272EF8F19C831AC004BD339;
			remoteInfo = ThunderBasicsTests;
		};
		492F845C1F84D47800BDD72D /* PBXContainerItemProxy */ = {
			isa = PBXContainerItemProxy;
			containerPortal = 492F84571F84D47700BDD72D /* ThunderTable.xcodeproj */;
			proxyType = 2;
			remoteGlobalIDString = B17BAA321D89639100844421;
			remoteInfo = ThunderTable;
		};
		492F845E1F84D47800BDD72D /* PBXContainerItemProxy */ = {
			isa = PBXContainerItemProxy;
			containerPortal = 492F84571F84D47700BDD72D /* ThunderTable.xcodeproj */;
			proxyType = 2;
			remoteGlobalIDString = B17BAA3B1D89639200844421;
			remoteInfo = ThunderTableTests;
		};
		492F84641F84D48100BDD72D /* PBXContainerItemProxy */ = {
			isa = PBXContainerItemProxy;
			containerPortal = 492F84601F84D48100BDD72D /* MarkdownView.xcodeproj */;
			proxyType = 2;
			remoteGlobalIDString = FCA050151EC41211001DAD5F;
			remoteInfo = MarkdownView;
		};
		492F84681F84D48A00BDD72D /* PBXContainerItemProxy */ = {
			isa = PBXContainerItemProxy;
			containerPortal = 492F84601F84D48100BDD72D /* MarkdownView.xcodeproj */;
			proxyType = 1;
			remoteGlobalIDString = FCA050141EC41211001DAD5F;
			remoteInfo = MarkdownView;
		};
		492F846C1F84D48D00BDD72D /* PBXContainerItemProxy */ = {
			isa = PBXContainerItemProxy;
			containerPortal = 492F84571F84D47700BDD72D /* ThunderTable.xcodeproj */;
			proxyType = 1;
			remoteGlobalIDString = B17BAA311D89639100844421;
			remoteInfo = ThunderTable;
		};
		492F84741F84D49300BDD72D /* PBXContainerItemProxy */ = {
			isa = PBXContainerItemProxy;
			containerPortal = 492F842A1F84D44800BDD72D /* ThunderBasics.xcodeproj */;
			proxyType = 1;
			remoteGlobalIDString = C272EF8319C831AB004BD339;
			remoteInfo = ThunderBasics;
		};
		49A787041F84DBA50076ABB7 /* PBXContainerItemProxy */ = {
			isa = PBXContainerItemProxy;
			containerPortal = 49A786FC1F84DBA50076ABB7 /* ThunderRequest.xcodeproj */;
			proxyType = 2;
			remoteGlobalIDString = C2E5088219C835A300350F00;
			remoteInfo = ThunderRequest;
		};
		49A787061F84DBA50076ABB7 /* PBXContainerItemProxy */ = {
			isa = PBXContainerItemProxy;
			containerPortal = 49A786FC1F84DBA50076ABB7 /* ThunderRequest.xcodeproj */;
			proxyType = 2;
			remoteGlobalIDString = C2E5088D19C835A300350F00;
			remoteInfo = ThunderRequestTests;
		};
		49A787081F84DBA50076ABB7 /* PBXContainerItemProxy */ = {
			isa = PBXContainerItemProxy;
			containerPortal = 49A786FC1F84DBA50076ABB7 /* ThunderRequest.xcodeproj */;
			proxyType = 2;
			remoteGlobalIDString = B1177ED81BBAF18E00372D4D;
			remoteInfo = ThunderRequestMac;
		};
		49A7870A1F84DBA50076ABB7 /* PBXContainerItemProxy */ = {
			isa = PBXContainerItemProxy;
			containerPortal = 49A786FC1F84DBA50076ABB7 /* ThunderRequest.xcodeproj */;
			proxyType = 2;
			remoteGlobalIDString = B1177EE21BBAF18E00372D4D;
			remoteInfo = ThunderRequestMacTests;
		};
		49A7870C1F84DBA50076ABB7 /* PBXContainerItemProxy */ = {
			isa = PBXContainerItemProxy;
			containerPortal = 49A786FC1F84DBA50076ABB7 /* ThunderRequest.xcodeproj */;
			proxyType = 2;
			remoteGlobalIDString = 49084FD11BD13DBD0012F636;
			remoteInfo = ThunderRequestTV;
		};
		49A787101F84DBC10076ABB7 /* PBXContainerItemProxy */ = {
			isa = PBXContainerItemProxy;
			containerPortal = 49A786FC1F84DBA50076ABB7 /* ThunderRequest.xcodeproj */;
			proxyType = 1;
			remoteGlobalIDString = C2E5088119C835A300350F00;
			remoteInfo = ThunderRequest;
		};
/* End PBXContainerItemProxy section */

/* Begin PBXCopyFilesBuildPhase section */
		496E5D421F41E31900E4B90A /* Embed Frameworks */ = {
			isa = PBXCopyFilesBuildPhase;
			buildActionMask = 2147483647;
			dstPath = "";
			dstSubfolderSpec = 10;
			files = (
				492F846B1F84D48D00BDD72D /* ThunderTable.framework in Embed Frameworks */,
				492F84731F84D49300BDD72D /* ThunderBasics.framework in Embed Frameworks */,
				49A7870F1F84DBC10076ABB7 /* ThunderRequest.framework in Embed Frameworks */,
				491B54041F84D5A800AD1A8E /* ARCDM.framework in Embed Frameworks */,
				492F84671F84D48A00BDD72D /* MarkdownView.framework in Embed Frameworks */,
			);
			name = "Embed Frameworks";
			runOnlyForDeploymentPostprocessing = 0;
		};
/* End PBXCopyFilesBuildPhase section */

/* Begin PBXFileReference section */
		4912BAB91F5ED21900AD7100 /* libz.tbd */ = {isa = PBXFileReference; lastKnownFileType = "sourcecode.text-based-dylib-definition"; name = libz.tbd; path = usr/lib/libz.tbd; sourceTree = SDKROOT; };
		491640811F4C38230084CEE2 /* ARCNavigationController.swift */ = {isa = PBXFileReference; lastKnownFileType = sourcecode.swift; path = ARCNavigationController.swift; sourceTree = "<group>"; };
		4916408C1F4C5C3A0084CEE2 /* ModuleTableViewCell.swift */ = {isa = PBXFileReference; lastKnownFileType = sourcecode.swift; path = ModuleTableViewCell.swift; sourceTree = "<group>"; };
		4916408D1F4C5C3A0084CEE2 /* ModuleTableViewCell.xib */ = {isa = PBXFileReference; lastKnownFileType = file.xib; path = ModuleTableViewCell.xib; sourceTree = "<group>"; };
		491640991F4C71CA0084CEE2 /* GradientImageView.swift */ = {isa = PBXFileReference; lastKnownFileType = sourcecode.swift; path = GradientImageView.swift; sourceTree = "<group>"; };
		491B53EA1F84D4F100AD1A8E /* ARCDM.xcodeproj */ = {isa = PBXFileReference; lastKnownFileType = "wrapper.pb-project"; name = ARCDM.xcodeproj; path = ARCDM/ARCDM.xcodeproj; sourceTree = SOURCE_ROOT; };
		492F83DC1F83A96000BDD72D /* NoteAddViewController.swift */ = {isa = PBXFileReference; lastKnownFileType = sourcecode.swift; path = NoteAddViewController.swift; sourceTree = "<group>"; };
		492F83E71F84D15100BDD72D /* ModuleConformable+Views.swift */ = {isa = PBXFileReference; lastKnownFileType = sourcecode.swift; path = "ModuleConformable+Views.swift"; sourceTree = "<group>"; };
		492F83E91F84D1B200BDD72D /* ARCDMSExtensions.swift */ = {isa = PBXFileReference; lastKnownFileType = sourcecode.swift; path = ARCDMSExtensions.swift; sourceTree = "<group>"; };
		492F842A1F84D44800BDD72D /* ThunderBasics.xcodeproj */ = {isa = PBXFileReference; lastKnownFileType = "wrapper.pb-project"; name = ThunderBasics.xcodeproj; path = ThunderBasics/ThunderBasics.xcodeproj; sourceTree = SOURCE_ROOT; };
		492F84571F84D47700BDD72D /* ThunderTable.xcodeproj */ = {isa = PBXFileReference; lastKnownFileType = "wrapper.pb-project"; name = ThunderTable.xcodeproj; path = ThunderTable/ThunderTable.xcodeproj; sourceTree = SOURCE_ROOT; };
		492F84601F84D48100BDD72D /* MarkdownView.xcodeproj */ = {isa = PBXFileReference; lastKnownFileType = "wrapper.pb-project"; name = MarkdownView.xcodeproj; path = MarkdownView/MarkdownView.xcodeproj; sourceTree = SOURCE_ROOT; };
		495A900B1F5EE02800843EEE /* libc++.tbd */ = {isa = PBXFileReference; lastKnownFileType = "sourcecode.text-based-dylib-definition"; name = "libc++.tbd"; path = "usr/lib/libc++.tbd"; sourceTree = SDKROOT; };
		496C49CB1F4EE6FA00AD05D1 /* Settings.storyboard */ = {isa = PBXFileReference; lastKnownFileType = file.storyboard; path = Settings.storyboard; sourceTree = "<group>"; };
		496C49D01F4EEDA300AD05D1 /* SettingsTableViewController.swift */ = {isa = PBXFileReference; lastKnownFileType = sourcecode.swift; path = SettingsTableViewController.swift; sourceTree = "<group>"; };
		497122271F4C23A1000786AE /* ToolkitTableViewController.swift */ = {isa = PBXFileReference; lastKnownFileType = sourcecode.swift; path = ToolkitTableViewController.swift; sourceTree = "<group>"; };
		4971222B1F4C2CF3000786AE /* WorkflowViewController.swift */ = {isa = PBXFileReference; lastKnownFileType = sourcecode.swift; path = WorkflowViewController.swift; sourceTree = "<group>"; };
		497DF1881F74FC5700367A94 /* ToolTableViewCell.xib */ = {isa = PBXFileReference; lastKnownFileType = file.xib; path = ToolTableViewCell.xib; sourceTree = "<group>"; };
		497DF1911F74FC5800367A94 /* ToolTableViewCell.swift */ = {isa = PBXFileReference; lastKnownFileType = sourcecode.swift; path = ToolTableViewCell.swift; sourceTree = "<group>"; };
		498F45431F7CFA2000E8824C /* Document_Viewing.storyboard */ = {isa = PBXFileReference; lastKnownFileType = file.storyboard; path = Document_Viewing.storyboard; sourceTree = "<group>"; };
		498F45451F7CFB4600E8824C /* MarkdownViewController.swift */ = {isa = PBXFileReference; lastKnownFileType = sourcecode.swift; path = MarkdownViewController.swift; sourceTree = "<group>"; };
		498F45711F823F7200E8824C /* Cash In Emergencies.entitlements */ = {isa = PBXFileReference; lastKnownFileType = text.plist.entitlements; path = "Cash In Emergencies.entitlements"; sourceTree = "<group>"; };
		498F45721F8274D500E8824C /* ProgressManager.swift */ = {isa = PBXFileReference; lastKnownFileType = sourcecode.swift; path = ProgressManager.swift; sourceTree = "<group>"; };
		49A4185E1F73EA96004C1F61 /* ModuleSubStepTableViewCell.swift */ = {isa = PBXFileReference; lastKnownFileType = sourcecode.swift; path = ModuleSubStepTableViewCell.swift; sourceTree = "<group>"; };
		49A4185F1F73EA96004C1F61 /* ModuleStepTableViewCell.xib */ = {isa = PBXFileReference; lastKnownFileType = file.xib; path = ModuleStepTableViewCell.xib; sourceTree = "<group>"; };
		49A786FC1F84DBA50076ABB7 /* ThunderRequest.xcodeproj */ = {isa = PBXFileReference; lastKnownFileType = "wrapper.pb-project"; name = ThunderRequest.xcodeproj; path = ARCDM/ThunderRequest/ThunderRequest.xcodeproj; sourceTree = SOURCE_ROOT; };
		49A787121F84EB4D0076ABB7 /* ToolIndexManager.swift */ = {isa = PBXFileReference; lastKnownFileType = sourcecode.swift; path = ToolIndexManager.swift; sourceTree = "<group>"; };
		49BCFFED1F4479B600F68A40 /* Onboarding.storyboard */ = {isa = PBXFileReference; lastKnownFileType = file.storyboard; path = Onboarding.storyboard; sourceTree = "<group>"; };
		49BCFFF01F4487A100F68A40 /* onboarding_video.mp4 */ = {isa = PBXFileReference; lastKnownFileType = file; path = onboarding_video.mp4; sourceTree = "<group>"; };
		49BCFFF11F4487EB00F68A40 /* OnboardingViewController.swift */ = {isa = PBXFileReference; lastKnownFileType = sourcecode.swift; path = OnboardingViewController.swift; sourceTree = "<group>"; };
		49BF8DD61F73C5BC00A1890F /* ModuleStepTableViewCell.swift */ = {isa = PBXFileReference; lastKnownFileType = sourcecode.swift; path = ModuleStepTableViewCell.swift; sourceTree = "<group>"; };
		49BF8DD71F73C5BC00A1890F /* ModuleSubStepTableViewCell.xib */ = {isa = PBXFileReference; lastKnownFileType = file.xib; path = ModuleSubStepTableViewCell.xib; sourceTree = "<group>"; };
		49C2DE8A1F502C7000DCFBB5 /* Utilities.swift */ = {isa = PBXFileReference; lastKnownFileType = sourcecode.swift; path = Utilities.swift; sourceTree = "<group>"; };
		49C3ED431F839E0E00763901 /* Notes.storyboard */ = {isa = PBXFileReference; lastKnownFileType = file.storyboard; path = Notes.storyboard; sourceTree = "<group>"; };
		49FE8D7F1F419F6900B73731 /* Cash In Emergencies.app */ = {isa = PBXFileReference; explicitFileType = wrapper.application; includeInIndex = 0; path = "Cash In Emergencies.app"; sourceTree = BUILT_PRODUCTS_DIR; };
		49FE8D821F419F6900B73731 /* AppDelegate.swift */ = {isa = PBXFileReference; lastKnownFileType = sourcecode.swift; path = AppDelegate.swift; sourceTree = "<group>"; };
		49FE8D871F419F6900B73731 /* Base */ = {isa = PBXFileReference; lastKnownFileType = file.storyboard; name = Base; path = Base.lproj/Main.storyboard; sourceTree = "<group>"; };
		49FE8D891F419F6900B73731 /* Assets.xcassets */ = {isa = PBXFileReference; lastKnownFileType = folder.assetcatalog; path = Assets.xcassets; sourceTree = "<group>"; };
		49FE8D8C1F419F6900B73731 /* Base */ = {isa = PBXFileReference; lastKnownFileType = file.storyboard; name = Base; path = Base.lproj/LaunchScreen.storyboard; sourceTree = "<group>"; };
		49FE8D8E1F419F6900B73731 /* Info.plist */ = {isa = PBXFileReference; lastKnownFileType = text.plist.xml; path = Info.plist; sourceTree = "<group>"; };
		FF82CCDF1F8CC358009FCC5B /* ProgressTableViewCell.swift */ = {isa = PBXFileReference; lastKnownFileType = sourcecode.swift; path = ProgressTableViewCell.swift; sourceTree = "<group>"; };
		FF82CCE01F8CC358009FCC5B /* ProgressTableViewCell.xib */ = {isa = PBXFileReference; lastKnownFileType = file.xib; path = ProgressTableViewCell.xib; sourceTree = "<group>"; };
		FF82CCE31F8CC38E009FCC5B /* ProgressTableViewController.swift */ = {isa = PBXFileReference; lastKnownFileType = sourcecode.swift; path = ProgressTableViewController.swift; sourceTree = "<group>"; };
/* End PBXFileReference section */

/* Begin PBXFrameworksBuildPhase section */
		49FE8D7C1F419F6900B73731 /* Frameworks */ = {
			isa = PBXFrameworksBuildPhase;
			buildActionMask = 2147483647;
			files = (
				491B54031F84D5A800AD1A8E /* ARCDM.framework in Frameworks */,
				49A7870E1F84DBC10076ABB7 /* ThunderRequest.framework in Frameworks */,
				492F846A1F84D48D00BDD72D /* ThunderTable.framework in Frameworks */,
				492F84661F84D48A00BDD72D /* MarkdownView.framework in Frameworks */,
				492F84721F84D49300BDD72D /* ThunderBasics.framework in Frameworks */,
				495A90141F5EE02800843EEE /* libc++.tbd in Frameworks */,
				4912BABA1F5ED21900AD7100 /* libz.tbd in Frameworks */,
			);
			runOnlyForDeploymentPostprocessing = 0;
		};
/* End PBXFrameworksBuildPhase section */

/* Begin PBXGroup section */
		4912BAB01F5ED21900AD7100 /* Frameworks */ = {
			isa = PBXGroup;
			children = (
				495A900B1F5EE02800843EEE /* libc++.tbd */,
				4912BAB91F5ED21900AD7100 /* libz.tbd */,
			);
			name = Frameworks;
			sourceTree = "<group>";
		};
		491B53EB1F84D4F100AD1A8E /* Products */ = {
			isa = PBXGroup;
			children = (
				491B53F11F84D4F200AD1A8E /* ARCDM.framework */,
				491B53F31F84D4F200AD1A8E /* ARCDMTests.xctest */,
			);
			name = Products;
			sourceTree = "<group>";
		};
		492F83EB1F84D1CB00BDD72D /* View Controllers */ = {
			isa = PBXGroup;
			children = (
				49FE8D861F419F6900B73731 /* Main.storyboard */,
				FF82CCDE1F8CC2C9009FCC5B /* Progress */,
				492F83F21F84D36A00BDD72D /* Onboarding */,
				492F83EC1F84D1DA00BDD72D /* Workflow */,
				492F83F31F84D3B200BDD72D /* Settings */,
			);
			path = "View Controllers";
			sourceTree = "<group>";
		};
		492F83EC1F84D1DA00BDD72D /* Workflow */ = {
			isa = PBXGroup;
			children = (
				4971222B1F4C2CF3000786AE /* WorkflowViewController.swift */,
				497122271F4C23A1000786AE /* ToolkitTableViewController.swift */,
				492F83F11F84D35300BDD72D /* Markdown Viewing */,
				492F83EE1F84D2C000BDD72D /* Note Editing */,
				492F83ED1F84D1FC00BDD72D /* Cells */,
			);
			path = Workflow;
			sourceTree = "<group>";
		};
		492F83ED1F84D1FC00BDD72D /* Cells */ = {
			isa = PBXGroup;
			children = (
				492F83E71F84D15100BDD72D /* ModuleConformable+Views.swift */,
				49A4185E1F73EA96004C1F61 /* ModuleSubStepTableViewCell.swift */,
				49A4185F1F73EA96004C1F61 /* ModuleStepTableViewCell.xib */,
				49BF8DD61F73C5BC00A1890F /* ModuleStepTableViewCell.swift */,
				49BF8DD71F73C5BC00A1890F /* ModuleSubStepTableViewCell.xib */,
				497DF1911F74FC5800367A94 /* ToolTableViewCell.swift */,
				497DF1881F74FC5700367A94 /* ToolTableViewCell.xib */,
				4916408C1F4C5C3A0084CEE2 /* ModuleTableViewCell.swift */,
				4916408D1F4C5C3A0084CEE2 /* ModuleTableViewCell.xib */,
			);
			path = Cells;
			sourceTree = "<group>";
		};
		492F83EE1F84D2C000BDD72D /* Note Editing */ = {
			isa = PBXGroup;
			children = (
				49C3ED431F839E0E00763901 /* Notes.storyboard */,
				492F83DC1F83A96000BDD72D /* NoteAddViewController.swift */,
			);
			path = "Note Editing";
			sourceTree = "<group>";
		};
		492F83EF1F84D2D300BDD72D /* Utilities + Extensions */ = {
			isa = PBXGroup;
			children = (
				491640811F4C38230084CEE2 /* ARCNavigationController.swift */,
				491640991F4C71CA0084CEE2 /* GradientImageView.swift */,
				492F83E91F84D1B200BDD72D /* ARCDMSExtensions.swift */,
				49C2DE8A1F502C7000DCFBB5 /* Utilities.swift */,
			);
			path = "Utilities + Extensions";
			sourceTree = "<group>";
		};
		492F83F01F84D2E400BDD72D /* Managers */ = {
			isa = PBXGroup;
			children = (
				49A787121F84EB4D0076ABB7 /* ToolIndexManager.swift */,
				498F45721F8274D500E8824C /* ProgressManager.swift */,
			);
			path = Managers;
			sourceTree = "<group>";
		};
		492F83F11F84D35300BDD72D /* Markdown Viewing */ = {
			isa = PBXGroup;
			children = (
				498F45431F7CFA2000E8824C /* Document_Viewing.storyboard */,
				498F45451F7CFB4600E8824C /* MarkdownViewController.swift */,
			);
			path = "Markdown Viewing";
			sourceTree = "<group>";
		};
		492F83F21F84D36A00BDD72D /* Onboarding */ = {
			isa = PBXGroup;
			children = (
				49BCFFED1F4479B600F68A40 /* Onboarding.storyboard */,
				49BCFFF11F4487EB00F68A40 /* OnboardingViewController.swift */,
			);
			path = Onboarding;
			sourceTree = "<group>";
		};
		492F83F31F84D3B200BDD72D /* Settings */ = {
			isa = PBXGroup;
			children = (
				496C49CB1F4EE6FA00AD05D1 /* Settings.storyboard */,
				496C49D01F4EEDA300AD05D1 /* SettingsTableViewController.swift */,
			);
			path = Settings;
			sourceTree = "<group>";
		};
		492F842B1F84D44800BDD72D /* Products */ = {
			isa = PBXGroup;
			children = (
				492F84301F84D44900BDD72D /* ThunderBasics.framework */,
				492F84321F84D44900BDD72D /* ThunderBasicsTests.xctest */,
			);
			name = Products;
			sourceTree = "<group>";
		};
		492F84581F84D47700BDD72D /* Products */ = {
			isa = PBXGroup;
			children = (
				492F845D1F84D47800BDD72D /* ThunderTable.framework */,
				492F845F1F84D47800BDD72D /* ThunderTableTests.xctest */,
			);
			name = Products;
			sourceTree = "<group>";
		};
		492F84611F84D48100BDD72D /* Products */ = {
			isa = PBXGroup;
			children = (
				492F84651F84D48100BDD72D /* MarkdownView.framework */,
			);
			name = Products;
			sourceTree = "<group>";
		};
		49A786FD1F84DBA50076ABB7 /* Products */ = {
			isa = PBXGroup;
			children = (
				49A787051F84DBA50076ABB7 /* ThunderRequest.framework */,
				49A787071F84DBA50076ABB7 /* ThunderRequestTests.xctest */,
				49A787091F84DBA50076ABB7 /* ThunderRequestMac.framework */,
				49A7870B1F84DBA50076ABB7 /* ThunderRequestMacTests.xctest */,
				49A7870D1F84DBA50076ABB7 /* ThunderRequestTV.framework */,
			);
			name = Products;
			sourceTree = "<group>";
		};
		49BCFFEF1F44879600F68A40 /* Files */ = {
			isa = PBXGroup;
			children = (
				49BCFFF01F4487A100F68A40 /* onboarding_video.mp4 */,
			);
			path = Files;
			sourceTree = "<group>";
		};
		49FE8D761F419F6800B73731 = {
			isa = PBXGroup;
			children = (
				49FE8D811F419F6900B73731 /* Cash In Emergencies */,
				49FE8D801F419F6900B73731 /* Products */,
				4912BAB01F5ED21900AD7100 /* Frameworks */,
			);
			sourceTree = "<group>";
		};
		49FE8D801F419F6900B73731 /* Products */ = {
			isa = PBXGroup;
			children = (
				49FE8D7F1F419F6900B73731 /* Cash In Emergencies.app */,
			);
			name = Products;
			sourceTree = "<group>";
		};
		49FE8D811F419F6900B73731 /* Cash In Emergencies */ = {
			isa = PBXGroup;
			children = (
				49FE8D821F419F6900B73731 /* AppDelegate.swift */,
				492F83EB1F84D1CB00BDD72D /* View Controllers */,
				492F83EF1F84D2D300BDD72D /* Utilities + Extensions */,
				49BCFFEF1F44879600F68A40 /* Files */,
				49FE8D891F419F6900B73731 /* Assets.xcassets */,
				492F83F01F84D2E400BDD72D /* Managers */,
				498F45711F823F7200E8824C /* Cash In Emergencies.entitlements */,
				49FE8D8B1F419F6900B73731 /* LaunchScreen.storyboard */,
				49FE8D8E1F419F6900B73731 /* Info.plist */,
				491B53EA1F84D4F100AD1A8E /* ARCDM.xcodeproj */,
				492F84601F84D48100BDD72D /* MarkdownView.xcodeproj */,
				492F84571F84D47700BDD72D /* ThunderTable.xcodeproj */,
				492F842A1F84D44800BDD72D /* ThunderBasics.xcodeproj */,
				49A786FC1F84DBA50076ABB7 /* ThunderRequest.xcodeproj */,
			);
			path = "Cash In Emergencies";
			sourceTree = "<group>";
		};
		FF82CCDE1F8CC2C9009FCC5B /* Progress */ = {
			isa = PBXGroup;
			children = (
				FF82CCE51F8CC394009FCC5B /* Cells */,
				FF82CCE31F8CC38E009FCC5B /* ProgressTableViewController.swift */,
			);
			path = Progress;
			sourceTree = "<group>";
		};
		FF82CCE51F8CC394009FCC5B /* Cells */ = {
			isa = PBXGroup;
			children = (
				FF82CCDF1F8CC358009FCC5B /* ProgressTableViewCell.swift */,
				FF82CCE01F8CC358009FCC5B /* ProgressTableViewCell.xib */,
			);
			path = Cells;
			sourceTree = "<group>";
		};
/* End PBXGroup section */

/* Begin PBXNativeTarget section */
		49FE8D7E1F419F6900B73731 /* Cash In Emergencies */ = {
			isa = PBXNativeTarget;
			buildConfigurationList = 49FE8D911F419F6900B73731 /* Build configuration list for PBXNativeTarget "Cash In Emergencies" */;
			buildPhases = (
				49FE8D7B1F419F6900B73731 /* Sources */,
				49FE8D7C1F419F6900B73731 /* Frameworks */,
				49FE8D7D1F419F6900B73731 /* Resources */,
				496E5D421F41E31900E4B90A /* Embed Frameworks */,
			);
			buildRules = (
			);
			dependencies = (
				492F84691F84D48A00BDD72D /* PBXTargetDependency */,
				492F846D1F84D48D00BDD72D /* PBXTargetDependency */,
				492F84751F84D49300BDD72D /* PBXTargetDependency */,
				491B54061F84D5A800AD1A8E /* PBXTargetDependency */,
				49A787111F84DBC10076ABB7 /* PBXTargetDependency */,
			);
			name = "Cash In Emergencies";
			productName = "Cash In Emergencies";
			productReference = 49FE8D7F1F419F6900B73731 /* Cash In Emergencies.app */;
			productType = "com.apple.product-type.application";
		};
/* End PBXNativeTarget section */

/* Begin PBXProject section */
		49FE8D771F419F6800B73731 /* Project object */ = {
			isa = PBXProject;
			attributes = {
				LastSwiftUpdateCheck = 0830;
				LastUpgradeCheck = 0900;
				ORGANIZATIONNAME = "3 SIDED CUBE";
				TargetAttributes = {
					49FE8D7E1F419F6900B73731 = {
						CreatedOnToolsVersion = 8.3.3;
						DevelopmentTeam = UPSZGU42YP;
						ProvisioningStyle = Automatic;
						SystemCapabilities = {
							com.apple.iCloud = {
								enabled = 0;
							};
						};
					};
				};
			};
			buildConfigurationList = 49FE8D7A1F419F6800B73731 /* Build configuration list for PBXProject "Cash In Emergencies" */;
			compatibilityVersion = "Xcode 3.2";
			developmentRegion = English;
			hasScannedForEncodings = 0;
			knownRegions = (
				en,
				Base,
			);
			mainGroup = 49FE8D761F419F6800B73731;
			productRefGroup = 49FE8D801F419F6900B73731 /* Products */;
			projectDirPath = "";
			projectReferences = (
				{
					ProductGroup = 491B53EB1F84D4F100AD1A8E /* Products */;
					ProjectRef = 491B53EA1F84D4F100AD1A8E /* ARCDM.xcodeproj */;
				},
				{
					ProductGroup = 492F84611F84D48100BDD72D /* Products */;
					ProjectRef = 492F84601F84D48100BDD72D /* MarkdownView.xcodeproj */;
				},
				{
					ProductGroup = 492F842B1F84D44800BDD72D /* Products */;
					ProjectRef = 492F842A1F84D44800BDD72D /* ThunderBasics.xcodeproj */;
				},
				{
					ProductGroup = 49A786FD1F84DBA50076ABB7 /* Products */;
					ProjectRef = 49A786FC1F84DBA50076ABB7 /* ThunderRequest.xcodeproj */;
				},
				{
					ProductGroup = 492F84581F84D47700BDD72D /* Products */;
					ProjectRef = 492F84571F84D47700BDD72D /* ThunderTable.xcodeproj */;
				},
			);
			projectRoot = "";
			targets = (
				49FE8D7E1F419F6900B73731 /* Cash In Emergencies */,
			);
		};
/* End PBXProject section */

/* Begin PBXReferenceProxy section */
		491B53F11F84D4F200AD1A8E /* ARCDM.framework */ = {
			isa = PBXReferenceProxy;
			fileType = wrapper.framework;
			path = ARCDM.framework;
			remoteRef = 491B53F01F84D4F200AD1A8E /* PBXContainerItemProxy */;
			sourceTree = BUILT_PRODUCTS_DIR;
		};
		491B53F31F84D4F200AD1A8E /* ARCDMTests.xctest */ = {
			isa = PBXReferenceProxy;
			fileType = wrapper.cfbundle;
			path = ARCDMTests.xctest;
			remoteRef = 491B53F21F84D4F200AD1A8E /* PBXContainerItemProxy */;
			sourceTree = BUILT_PRODUCTS_DIR;
		};
		492F84301F84D44900BDD72D /* ThunderBasics.framework */ = {
			isa = PBXReferenceProxy;
			fileType = wrapper.framework;
			path = ThunderBasics.framework;
			remoteRef = 492F842F1F84D44900BDD72D /* PBXContainerItemProxy */;
			sourceTree = BUILT_PRODUCTS_DIR;
		};
		492F84321F84D44900BDD72D /* ThunderBasicsTests.xctest */ = {
			isa = PBXReferenceProxy;
			fileType = wrapper.cfbundle;
			path = ThunderBasicsTests.xctest;
			remoteRef = 492F84311F84D44900BDD72D /* PBXContainerItemProxy */;
			sourceTree = BUILT_PRODUCTS_DIR;
		};
		492F845D1F84D47800BDD72D /* ThunderTable.framework */ = {
			isa = PBXReferenceProxy;
			fileType = wrapper.framework;
			path = ThunderTable.framework;
			remoteRef = 492F845C1F84D47800BDD72D /* PBXContainerItemProxy */;
			sourceTree = BUILT_PRODUCTS_DIR;
		};
		492F845F1F84D47800BDD72D /* ThunderTableTests.xctest */ = {
			isa = PBXReferenceProxy;
			fileType = wrapper.cfbundle;
			path = ThunderTableTests.xctest;
			remoteRef = 492F845E1F84D47800BDD72D /* PBXContainerItemProxy */;
			sourceTree = BUILT_PRODUCTS_DIR;
		};
		492F84651F84D48100BDD72D /* MarkdownView.framework */ = {
			isa = PBXReferenceProxy;
			fileType = wrapper.framework;
			path = MarkdownView.framework;
			remoteRef = 492F84641F84D48100BDD72D /* PBXContainerItemProxy */;
			sourceTree = BUILT_PRODUCTS_DIR;
		};
		49A787051F84DBA50076ABB7 /* ThunderRequest.framework */ = {
			isa = PBXReferenceProxy;
			fileType = wrapper.framework;
			path = ThunderRequest.framework;
			remoteRef = 49A787041F84DBA50076ABB7 /* PBXContainerItemProxy */;
			sourceTree = BUILT_PRODUCTS_DIR;
		};
		49A787071F84DBA50076ABB7 /* ThunderRequestTests.xctest */ = {
			isa = PBXReferenceProxy;
			fileType = wrapper.cfbundle;
			path = ThunderRequestTests.xctest;
			remoteRef = 49A787061F84DBA50076ABB7 /* PBXContainerItemProxy */;
			sourceTree = BUILT_PRODUCTS_DIR;
		};
		49A787091F84DBA50076ABB7 /* ThunderRequestMac.framework */ = {
			isa = PBXReferenceProxy;
			fileType = wrapper.framework;
			path = ThunderRequestMac.framework;
			remoteRef = 49A787081F84DBA50076ABB7 /* PBXContainerItemProxy */;
			sourceTree = BUILT_PRODUCTS_DIR;
		};
		49A7870B1F84DBA50076ABB7 /* ThunderRequestMacTests.xctest */ = {
			isa = PBXReferenceProxy;
			fileType = wrapper.cfbundle;
			path = ThunderRequestMacTests.xctest;
			remoteRef = 49A7870A1F84DBA50076ABB7 /* PBXContainerItemProxy */;
			sourceTree = BUILT_PRODUCTS_DIR;
		};
		49A7870D1F84DBA50076ABB7 /* ThunderRequestTV.framework */ = {
			isa = PBXReferenceProxy;
			fileType = wrapper.framework;
			path = ThunderRequestTV.framework;
			remoteRef = 49A7870C1F84DBA50076ABB7 /* PBXContainerItemProxy */;
			sourceTree = BUILT_PRODUCTS_DIR;
		};
/* End PBXReferenceProxy section */

/* Begin PBXResourcesBuildPhase section */
		49FE8D7D1F419F6900B73731 /* Resources */ = {
			isa = PBXResourcesBuildPhase;
			buildActionMask = 2147483647;
			files = (
				49BCFFF31F44895500F68A40 /* onboarding_video.mp4 in Resources */,
				498F45441F7CFA2000E8824C /* Document_Viewing.storyboard in Resources */,
				4916408F1F4C5C3A0084CEE2 /* ModuleTableViewCell.xib in Resources */,
				496C49CC1F4EE6FA00AD05D1 /* Settings.storyboard in Resources */,
				49BCFFEE1F4479B600F68A40 /* Onboarding.storyboard in Resources */,
				49C3ED441F839E0E00763901 /* Notes.storyboard in Resources */,
				49FE8D8D1F419F6900B73731 /* LaunchScreen.storyboard in Resources */,
				49A418611F73EA96004C1F61 /* ModuleStepTableViewCell.xib in Resources */,
				49BF8DD91F73C5BC00A1890F /* ModuleSubStepTableViewCell.xib in Resources */,
				497DF1931F753D1300367A94 /* ToolTableViewCell.xib in Resources */,
				49FE8D8A1F419F6900B73731 /* Assets.xcassets in Resources */,
				49FE8D881F419F6900B73731 /* Main.storyboard in Resources */,
				FF82CCE21F8CC358009FCC5B /* ProgressTableViewCell.xib in Resources */,
			);
			runOnlyForDeploymentPostprocessing = 0;
		};
/* End PBXResourcesBuildPhase section */

/* Begin PBXSourcesBuildPhase section */
		49FE8D7B1F419F6900B73731 /* Sources */ = {
			isa = PBXSourcesBuildPhase;
			buildActionMask = 2147483647;
			files = (
				498F45731F8274D500E8824C /* ProgressManager.swift in Sources */,
				492F83E81F84D15100BDD72D /* ModuleConformable+Views.swift in Sources */,
				491640821F4C38230084CEE2 /* ARCNavigationController.swift in Sources */,
				49BF8DD81F73C5BC00A1890F /* ModuleStepTableViewCell.swift in Sources */,
				49A787131F84EB4D0076ABB7 /* ToolIndexManager.swift in Sources */,
				498F45461F7CFB4600E8824C /* MarkdownViewController.swift in Sources */,
				49BCFFF21F4487EB00F68A40 /* OnboardingViewController.swift in Sources */,
				4971222C1F4C2CF3000786AE /* WorkflowViewController.swift in Sources */,
				49C2DE8B1F502C7000DCFBB5 /* Utilities.swift in Sources */,
				492F83EA1F84D1B200BDD72D /* ARCDMSExtensions.swift in Sources */,
				4916408E1F4C5C3A0084CEE2 /* ModuleTableViewCell.swift in Sources */,
				496C49D11F4EEDA300AD05D1 /* SettingsTableViewController.swift in Sources */,
				FF82CCE11F8CC358009FCC5B /* ProgressTableViewCell.swift in Sources */,
				49FE8D831F419F6900B73731 /* AppDelegate.swift in Sources */,
				492F83DD1F83A96000BDD72D /* NoteAddViewController.swift in Sources */,
				49A418601F73EA96004C1F61 /* ModuleSubStepTableViewCell.swift in Sources */,
				FF82CCE41F8CC38E009FCC5B /* ProgressTableViewController.swift in Sources */,
				497DF1921F74FC5800367A94 /* ToolTableViewCell.swift in Sources */,
				497122281F4C23A1000786AE /* ToolkitTableViewController.swift in Sources */,
				4916409A1F4C71CA0084CEE2 /* GradientImageView.swift in Sources */,
			);
			runOnlyForDeploymentPostprocessing = 0;
		};
/* End PBXSourcesBuildPhase section */

/* Begin PBXTargetDependency section */
		491B54061F84D5A800AD1A8E /* PBXTargetDependency */ = {
			isa = PBXTargetDependency;
			name = ARCDM;
			targetProxy = 491B54051F84D5A800AD1A8E /* PBXContainerItemProxy */;
		};
		492F84691F84D48A00BDD72D /* PBXTargetDependency */ = {
			isa = PBXTargetDependency;
			name = MarkdownView;
			targetProxy = 492F84681F84D48A00BDD72D /* PBXContainerItemProxy */;
		};
		492F846D1F84D48D00BDD72D /* PBXTargetDependency */ = {
			isa = PBXTargetDependency;
			name = ThunderTable;
			targetProxy = 492F846C1F84D48D00BDD72D /* PBXContainerItemProxy */;
		};
		492F84751F84D49300BDD72D /* PBXTargetDependency */ = {
			isa = PBXTargetDependency;
			name = ThunderBasics;
			targetProxy = 492F84741F84D49300BDD72D /* PBXContainerItemProxy */;
		};
		49A787111F84DBC10076ABB7 /* PBXTargetDependency */ = {
			isa = PBXTargetDependency;
			name = ThunderRequest;
			targetProxy = 49A787101F84DBC10076ABB7 /* PBXContainerItemProxy */;
		};
/* End PBXTargetDependency section */

/* Begin PBXVariantGroup section */
		49FE8D861F419F6900B73731 /* Main.storyboard */ = {
			isa = PBXVariantGroup;
			children = (
				49FE8D871F419F6900B73731 /* Base */,
			);
			name = Main.storyboard;
			sourceTree = "<group>";
		};
		49FE8D8B1F419F6900B73731 /* LaunchScreen.storyboard */ = {
			isa = PBXVariantGroup;
			children = (
				49FE8D8C1F419F6900B73731 /* Base */,
			);
			name = LaunchScreen.storyboard;
			sourceTree = "<group>";
		};
/* End PBXVariantGroup section */

/* Begin XCBuildConfiguration section */
		49FE8D8F1F419F6900B73731 /* Debug */ = {
			isa = XCBuildConfiguration;
			buildSettings = {
				ALWAYS_SEARCH_USER_PATHS = NO;
				CLANG_ANALYZER_NONNULL = YES;
				CLANG_ANALYZER_NUMBER_OBJECT_CONVERSION = YES_AGGRESSIVE;
				CLANG_CXX_LANGUAGE_STANDARD = "gnu++0x";
				CLANG_CXX_LIBRARY = "libc++";
				CLANG_ENABLE_MODULES = YES;
				CLANG_ENABLE_OBJC_ARC = YES;
				CLANG_WARN_BLOCK_CAPTURE_AUTORELEASING = YES;
				CLANG_WARN_BOOL_CONVERSION = YES;
				CLANG_WARN_COMMA = YES;
				CLANG_WARN_CONSTANT_CONVERSION = YES;
				CLANG_WARN_DIRECT_OBJC_ISA_USAGE = YES_ERROR;
				CLANG_WARN_DOCUMENTATION_COMMENTS = YES;
				CLANG_WARN_EMPTY_BODY = YES;
				CLANG_WARN_ENUM_CONVERSION = YES;
				CLANG_WARN_INFINITE_RECURSION = YES;
				CLANG_WARN_INT_CONVERSION = YES;
				CLANG_WARN_NON_LITERAL_NULL_CONVERSION = YES;
				CLANG_WARN_OBJC_LITERAL_CONVERSION = YES;
				CLANG_WARN_OBJC_ROOT_CLASS = YES_ERROR;
				CLANG_WARN_RANGE_LOOP_ANALYSIS = YES;
				CLANG_WARN_STRICT_PROTOTYPES = YES;
				CLANG_WARN_SUSPICIOUS_MOVE = YES;
				CLANG_WARN_UNREACHABLE_CODE = YES;
				CLANG_WARN__DUPLICATE_METHOD_MATCH = YES;
				"CODE_SIGN_IDENTITY[sdk=iphoneos*]" = "iPhone Developer";
				COPY_PHASE_STRIP = NO;
				DEBUG_INFORMATION_FORMAT = dwarf;
				ENABLE_STRICT_OBJC_MSGSEND = YES;
				ENABLE_TESTABILITY = YES;
				GCC_C_LANGUAGE_STANDARD = gnu99;
				GCC_DYNAMIC_NO_PIC = NO;
				GCC_NO_COMMON_BLOCKS = YES;
				GCC_OPTIMIZATION_LEVEL = 0;
				GCC_PREPROCESSOR_DEFINITIONS = (
					"DEBUG=1",
					"$(inherited)",
				);
				GCC_WARN_64_TO_32_BIT_CONVERSION = YES;
				GCC_WARN_ABOUT_RETURN_TYPE = YES_ERROR;
				GCC_WARN_UNDECLARED_SELECTOR = YES;
				GCC_WARN_UNINITIALIZED_AUTOS = YES_AGGRESSIVE;
				GCC_WARN_UNUSED_FUNCTION = YES;
				GCC_WARN_UNUSED_VARIABLE = YES;
				IPHONEOS_DEPLOYMENT_TARGET = 10.3;
				MTL_ENABLE_DEBUG_INFO = YES;
				ONLY_ACTIVE_ARCH = YES;
				SDKROOT = iphoneos;
				SWIFT_ACTIVE_COMPILATION_CONDITIONS = DEBUG;
				SWIFT_OPTIMIZATION_LEVEL = "-Onone";
			};
			name = Debug;
		};
		49FE8D901F419F6900B73731 /* Release */ = {
			isa = XCBuildConfiguration;
			buildSettings = {
				ALWAYS_SEARCH_USER_PATHS = NO;
				CLANG_ANALYZER_NONNULL = YES;
				CLANG_ANALYZER_NUMBER_OBJECT_CONVERSION = YES_AGGRESSIVE;
				CLANG_CXX_LANGUAGE_STANDARD = "gnu++0x";
				CLANG_CXX_LIBRARY = "libc++";
				CLANG_ENABLE_MODULES = YES;
				CLANG_ENABLE_OBJC_ARC = YES;
				CLANG_WARN_BLOCK_CAPTURE_AUTORELEASING = YES;
				CLANG_WARN_BOOL_CONVERSION = YES;
				CLANG_WARN_COMMA = YES;
				CLANG_WARN_CONSTANT_CONVERSION = YES;
				CLANG_WARN_DIRECT_OBJC_ISA_USAGE = YES_ERROR;
				CLANG_WARN_DOCUMENTATION_COMMENTS = YES;
				CLANG_WARN_EMPTY_BODY = YES;
				CLANG_WARN_ENUM_CONVERSION = YES;
				CLANG_WARN_INFINITE_RECURSION = YES;
				CLANG_WARN_INT_CONVERSION = YES;
				CLANG_WARN_NON_LITERAL_NULL_CONVERSION = YES;
				CLANG_WARN_OBJC_LITERAL_CONVERSION = YES;
				CLANG_WARN_OBJC_ROOT_CLASS = YES_ERROR;
				CLANG_WARN_RANGE_LOOP_ANALYSIS = YES;
				CLANG_WARN_STRICT_PROTOTYPES = YES;
				CLANG_WARN_SUSPICIOUS_MOVE = YES;
				CLANG_WARN_UNREACHABLE_CODE = YES;
				CLANG_WARN__DUPLICATE_METHOD_MATCH = YES;
				"CODE_SIGN_IDENTITY[sdk=iphoneos*]" = "iPhone Developer";
				COPY_PHASE_STRIP = NO;
				DEBUG_INFORMATION_FORMAT = "dwarf-with-dsym";
				ENABLE_NS_ASSERTIONS = NO;
				ENABLE_STRICT_OBJC_MSGSEND = YES;
				GCC_C_LANGUAGE_STANDARD = gnu99;
				GCC_NO_COMMON_BLOCKS = YES;
				GCC_WARN_64_TO_32_BIT_CONVERSION = YES;
				GCC_WARN_ABOUT_RETURN_TYPE = YES_ERROR;
				GCC_WARN_UNDECLARED_SELECTOR = YES;
				GCC_WARN_UNINITIALIZED_AUTOS = YES_AGGRESSIVE;
				GCC_WARN_UNUSED_FUNCTION = YES;
				GCC_WARN_UNUSED_VARIABLE = YES;
				IPHONEOS_DEPLOYMENT_TARGET = 10.3;
				MTL_ENABLE_DEBUG_INFO = NO;
				SDKROOT = iphoneos;
				SWIFT_OPTIMIZATION_LEVEL = "-Owholemodule";
				VALIDATE_PRODUCT = YES;
			};
			name = Release;
		};
		49FE8D921F419F6900B73731 /* Debug */ = {
			isa = XCBuildConfiguration;
			buildSettings = {
				ALWAYS_EMBED_SWIFT_STANDARD_LIBRARIES = YES;
				ASSETCATALOG_COMPILER_APPICON_NAME = AppIcon;
				DEVELOPMENT_TEAM = UPSZGU42YP;
				FRAMEWORK_SEARCH_PATHS = "";
				HEADER_SEARCH_PATHS = "";
				INFOPLIST_FILE = "Cash In Emergencies/Info.plist";
				IPHONEOS_DEPLOYMENT_TARGET = 10.0;
				LD_RUNPATH_SEARCH_PATHS = "$(inherited) @executable_path/Frameworks";
				LIBRARY_SEARCH_PATHS = "";
				PRODUCT_BUNDLE_IDENTIFIER = org.redcross.cie;
				PRODUCT_NAME = "$(TARGET_NAME)";
				SWIFT_VERSION = 4.0;
			};
			name = Debug;
		};
		49FE8D931F419F6900B73731 /* Release */ = {
			isa = XCBuildConfiguration;
			buildSettings = {
				ALWAYS_EMBED_SWIFT_STANDARD_LIBRARIES = YES;
				ASSETCATALOG_COMPILER_APPICON_NAME = AppIcon;
				DEVELOPMENT_TEAM = UPSZGU42YP;
				FRAMEWORK_SEARCH_PATHS = "";
				HEADER_SEARCH_PATHS = "";
				INFOPLIST_FILE = "Cash In Emergencies/Info.plist";
				IPHONEOS_DEPLOYMENT_TARGET = 10.0;
				LD_RUNPATH_SEARCH_PATHS = "$(inherited) @executable_path/Frameworks";
				LIBRARY_SEARCH_PATHS = "";
				PRODUCT_BUNDLE_IDENTIFIER = org.redcross.cie;
				PRODUCT_NAME = "$(TARGET_NAME)";
				SWIFT_VERSION = 4.0;
			};
			name = Release;
		};
/* End XCBuildConfiguration section */

/* Begin XCConfigurationList section */
		49FE8D7A1F419F6800B73731 /* Build configuration list for PBXProject "Cash In Emergencies" */ = {
			isa = XCConfigurationList;
			buildConfigurations = (
				49FE8D8F1F419F6900B73731 /* Debug */,
				49FE8D901F419F6900B73731 /* Release */,
			);
			defaultConfigurationIsVisible = 0;
			defaultConfigurationName = Release;
		};
		49FE8D911F419F6900B73731 /* Build configuration list for PBXNativeTarget "Cash In Emergencies" */ = {
			isa = XCConfigurationList;
			buildConfigurations = (
				49FE8D921F419F6900B73731 /* Debug */,
				49FE8D931F419F6900B73731 /* Release */,
			);
			defaultConfigurationIsVisible = 0;
			defaultConfigurationName = Release;
		};
/* End XCConfigurationList section */
	};
	rootObject = 49FE8D771F419F6800B73731 /* Project object */;
}
